
Microsoft Visual Studio Solution File, Format Version 12.00
# Visual Studio Version 17
VisualStudioVersion = 17.9.34701.34
MinimumVisualStudioVersion = 10.0.40219.1
Project("{FAE04EC0-301F-11D3-BF4B-00C04F79EFBC}") = "CodeRefactor", "CodeRefactor\CodeRefactor.csproj", "{C3691B63-F5E2-44E5-B21A-C531F3C6BD1F}"
EndProject
Global
	GlobalSection(SolutionConfigurationPlatforms) = preSolution
		Debug|Any CPU = Debug|Any CPU
		Release|Any CPU = Release|Any CPU
	EndGlobalSection
	GlobalSection(ProjectConfigurationPlatforms) = postSolution
		{C3691B63-F5E2-44E5-B21A-C531F3C6BD1F}.Debug|Any CPU.ActiveCfg = Debug|Any CPU
		{C3691B63-F5E2-44E5-B21A-C531F3C6BD1F}.Debug|Any CPU.Build.0 = Debug|Any CPU
		{C3691B63-F5E2-44E5-B21A-C531F3C6BD1F}.Release|Any CPU.ActiveCfg = Release|Any CPU
		{C3691B63-F5E2-44E5-B21A-C531F3C6BD1F}.Release|Any CPU.Build.0 = Release|Any CPU
	EndGlobalSection
	GlobalSection(SolutionProperties) = preSolution
		HideSolutionNode = FALSE
	EndGlobalSection
	GlobalSection(ExtensibilityGlobals) = postSolution
		SolutionGuid = {510DE8A8-29B5-4783-89CC-CF4D06ACC620}
	EndGlobalSection
EndGlobal
